
Microsoft Visual Studio Solution File, Format Version 12.00
# Visual Studio 15
VisualStudioVersion = 15.0.27703.2047
MinimumVisualStudioVersion = 10.0.40219.1
Project("{00D1A9C2-B5F0-4AF3-8072-F6C62B433612}") = "GOLD.AppRegister.Database", "GOLD.AppRegister.Database\GOLD.AppRegister.Database.sqlproj", "{ABAB2ACE-B773-4E2A-9939-C64C16312678}"
EndProject
Project("{FAE04EC0-301F-11D3-BF4B-00C04F79EFBC}") = "GOLD.AppRegister.WebApi", "GOLD.AppRegister.WebApi\GOLD.AppRegister.WebApi.csproj", "{6E37254A-DAC5-40BF-884B-323AEF7F58FE}"
EndProject
Project("{FAE04EC0-301F-11D3-BF4B-00C04F79EFBC}") = "GOLD.AppRegister.DataAccess", "GOLD.AppRegister.DataAccess\GOLD.AppRegister.DataAccess.csproj", "{DFB213AE-8CE8-4CF6-B1AF-22A3111D7AAA}"
EndProject
Project("{FAE04EC0-301F-11D3-BF4B-00C04F79EFBC}") = "GOLD.AppRegister.ApiModels", "GOLD.AppRegister.ApiModels\GOLD.AppRegister.ApiModels.csproj", "{D2B25E1C-1B1F-4351-9F7B-ECB9F9FCDA02}"
EndProject
Project("{FAE04EC0-301F-11D3-BF4B-00C04F79EFBC}") = "GOLD.AppRegister.MVC", "GOLD.AppRegister.MVC\GOLD.AppRegister.MVC.csproj", "{45E979B3-B8A6-4E6F-9372-CD716552CA17}"
EndProject
Project("{FAE04EC0-301F-11D3-BF4B-00C04F79EFBC}") = "GOLD.Core", "GOLD.Core\GOLD.Core.csproj", "{BF46AAA5-216E-44ED-A81E-21035F31DE5C}"
EndProject
Project("{00D1A9C2-B5F0-4AF3-8072-F6C62B433612}") = "GOLD.AppExecution.Database", "GOLD.AppExecution.Database\GOLD.AppExecution.Database.sqlproj", "{71943607-C79D-4080-828C-92151D10985D}"
EndProject
Project("{FAE04EC0-301F-11D3-BF4B-00C04F79EFBC}") = "GOLD.AppExecution.DataAccess", "GOLD.AppExecution.DataAccess\GOLD.AppExecution.DataAccess.csproj", "{F90FE07D-9DD1-49F7-9AFA-FAB5E956DD69}"
EndProject
Project("{FAE04EC0-301F-11D3-BF4B-00C04F79EFBC}") = "GOLD.AppExecution.ApiModels", "GOLD.AppExecution.ApiModels\GOLD.AppExecution.ApiModels.csproj", "{5085A3DB-068D-412B-8207-7E9A2AAF190F}"
EndProject
Project("{FAE04EC0-301F-11D3-BF4B-00C04F79EFBC}") = "GOLD.AppExecution.WebApi", "GOLD.AppExecution.WebApi\GOLD.AppExecution.WebApi.csproj", "{92540B3E-5A24-4098-B23D-278F93DF8D6E}"
EndProject
Project("{FAE04EC0-301F-11D3-BF4B-00C04F79EFBC}") = "GOLD.AppRegister.MVC-CRUD", "GOLD.AppRegister.MVC-CRUD\GOLD.AppRegister.MVC-CRUD.csproj", "{448C2227-6ABF-4673-92BB-CADA3360664D}"
EndProject
Project("{00D1A9C2-B5F0-4AF3-8072-F6C62B433612}") = "GOLD.CustomerDomain.Database", "GOLD.CustomerDomain.Database\GOLD.CustomerDomain.Database.sqlproj", "{919F8CBC-4C2E-4C87-9601-C10E64194EB2}"
EndProject
Project("{FAE04EC0-301F-11D3-BF4B-00C04F79EFBC}") = "GOLD.CustomerDomain.ApiModels", "GOLD.CustomerDomain.ApiModels\GOLD.CustomerDomain.ApiModels.csproj", "{AB20C58D-A10C-4985-AC82-00E118E5A669}"
EndProject
Project("{FAE04EC0-301F-11D3-BF4B-00C04F79EFBC}") = "GOLD.CustomerDomain.DataAccess", "GOLD.CustomerDomain.DataAccess\GOLD.CustomerDomain.DataAccess.csproj", "{0A3CAFCC-9436-4E31-B17C-68151E3DA34B}"
EndProject
Project("{FAE04EC0-301F-11D3-BF4B-00C04F79EFBC}") = "GOLD.CustomerDomain.WebApi", "GOLD.CustomerDomain.WebApi\GOLD.CustomerDomain.WebApi.csproj", "{B1680648-0A4F-4183-8794-F04C6B1D715F}"
EndProject
Project("{FAE04EC0-301F-11D3-BF4B-00C04F79EFBC}") = "GOLD.CustomerDomain.MVC-CRUD", "GOLD.CustomerDomain.MVC-CRUD\GOLD.CustomerDomain.MVC-CRUD.csproj", "{BDAB19A6-8F68-470F-9C03-C32A08DC5AE8}"
EndProject
Project("{FAE04EC0-301F-11D3-BF4B-00C04F79EFBC}") = "GOLD.CustomerDomain.MVC", "GOLD.CustomerDomain.MVC\GOLD.CustomerDomain.MVC.csproj", "{FFE202BE-F436-4649-AF17-81F32E90C5DC}"
EndProject
Project("{FAE04EC0-301F-11D3-BF4B-00C04F79EFBC}") = "GOLD.Portal.MVC", "GOLD.Portal.MVC\GOLD.Portal.MVC.csproj", "{F5BFDA26-5303-4343-956D-C1B8AA17F51D}"
EndProject
Global
	GlobalSection(SolutionConfigurationPlatforms) = preSolution
		Debug|Any CPU = Debug|Any CPU
		Release|Any CPU = Release|Any CPU
	EndGlobalSection
	GlobalSection(ProjectConfigurationPlatforms) = postSolution
		{ABAB2ACE-B773-4E2A-9939-C64C16312678}.Debug|Any CPU.ActiveCfg = Debug|Any CPU
		{ABAB2ACE-B773-4E2A-9939-C64C16312678}.Debug|Any CPU.Build.0 = Debug|Any CPU
		{ABAB2ACE-B773-4E2A-9939-C64C16312678}.Debug|Any CPU.Deploy.0 = Debug|Any CPU
		{ABAB2ACE-B773-4E2A-9939-C64C16312678}.Release|Any CPU.ActiveCfg = Release|Any CPU
		{ABAB2ACE-B773-4E2A-9939-C64C16312678}.Release|Any CPU.Build.0 = Release|Any CPU
		{ABAB2ACE-B773-4E2A-9939-C64C16312678}.Release|Any CPU.Deploy.0 = Release|Any CPU
		{6E37254A-DAC5-40BF-884B-323AEF7F58FE}.Debug|Any CPU.ActiveCfg = Debug|Any CPU
		{6E37254A-DAC5-40BF-884B-323AEF7F58FE}.Debug|Any CPU.Build.0 = Debug|Any CPU
		{6E37254A-DAC5-40BF-884B-323AEF7F58FE}.Release|Any CPU.ActiveCfg = Release|Any CPU
		{6E37254A-DAC5-40BF-884B-323AEF7F58FE}.Release|Any CPU.Build.0 = Release|Any CPU
		{DFB213AE-8CE8-4CF6-B1AF-22A3111D7AAA}.Debug|Any CPU.ActiveCfg = Debug|Any CPU
		{DFB213AE-8CE8-4CF6-B1AF-22A3111D7AAA}.Debug|Any CPU.Build.0 = Debug|Any CPU
		{DFB213AE-8CE8-4CF6-B1AF-22A3111D7AAA}.Release|Any CPU.ActiveCfg = Release|Any CPU
		{DFB213AE-8CE8-4CF6-B1AF-22A3111D7AAA}.Release|Any CPU.Build.0 = Release|Any CPU
		{D2B25E1C-1B1F-4351-9F7B-ECB9F9FCDA02}.Debug|Any CPU.ActiveCfg = Debug|Any CPU
		{D2B25E1C-1B1F-4351-9F7B-ECB9F9FCDA02}.Debug|Any CPU.Build.0 = Debug|Any CPU
		{D2B25E1C-1B1F-4351-9F7B-ECB9F9FCDA02}.Release|Any CPU.ActiveCfg = Release|Any CPU
		{D2B25E1C-1B1F-4351-9F7B-ECB9F9FCDA02}.Release|Any CPU.Build.0 = Release|Any CPU
		{45E979B3-B8A6-4E6F-9372-CD716552CA17}.Debug|Any CPU.ActiveCfg = Debug|Any CPU
		{45E979B3-B8A6-4E6F-9372-CD716552CA17}.Debug|Any CPU.Build.0 = Debug|Any CPU
		{45E979B3-B8A6-4E6F-9372-CD716552CA17}.Release|Any CPU.ActiveCfg = Release|Any CPU
		{45E979B3-B8A6-4E6F-9372-CD716552CA17}.Release|Any CPU.Build.0 = Release|Any CPU
		{BF46AAA5-216E-44ED-A81E-21035F31DE5C}.Debug|Any CPU.ActiveCfg = Debug|Any CPU
		{BF46AAA5-216E-44ED-A81E-21035F31DE5C}.Debug|Any CPU.Build.0 = Debug|Any CPU
		{BF46AAA5-216E-44ED-A81E-21035F31DE5C}.Release|Any CPU.ActiveCfg = Release|Any CPU
		{BF46AAA5-216E-44ED-A81E-21035F31DE5C}.Release|Any CPU.Build.0 = Release|Any CPU
		{71943607-C79D-4080-828C-92151D10985D}.Debug|Any CPU.ActiveCfg = Debug|Any CPU
		{71943607-C79D-4080-828C-92151D10985D}.Debug|Any CPU.Build.0 = Debug|Any CPU
		{71943607-C79D-4080-828C-92151D10985D}.Debug|Any CPU.Deploy.0 = Debug|Any CPU
		{71943607-C79D-4080-828C-92151D10985D}.Release|Any CPU.ActiveCfg = Release|Any CPU
		{71943607-C79D-4080-828C-92151D10985D}.Release|Any CPU.Build.0 = Release|Any CPU
		{71943607-C79D-4080-828C-92151D10985D}.Release|Any CPU.Deploy.0 = Release|Any CPU
		{F90FE07D-9DD1-49F7-9AFA-FAB5E956DD69}.Debug|Any CPU.ActiveCfg = Debug|Any CPU
		{F90FE07D-9DD1-49F7-9AFA-FAB5E956DD69}.Debug|Any CPU.Build.0 = Debug|Any CPU
		{F90FE07D-9DD1-49F7-9AFA-FAB5E956DD69}.Release|Any CPU.ActiveCfg = Release|Any CPU
		{F90FE07D-9DD1-49F7-9AFA-FAB5E956DD69}.Release|Any CPU.Build.0 = Release|Any CPU
		{5085A3DB-068D-412B-8207-7E9A2AAF190F}.Debug|Any CPU.ActiveCfg = Debug|Any CPU
		{5085A3DB-068D-412B-8207-7E9A2AAF190F}.Debug|Any CPU.Build.0 = Debug|Any CPU
		{5085A3DB-068D-412B-8207-7E9A2AAF190F}.Release|Any CPU.ActiveCfg = Release|Any CPU
		{5085A3DB-068D-412B-8207-7E9A2AAF190F}.Release|Any CPU.Build.0 = Release|Any CPU
		{92540B3E-5A24-4098-B23D-278F93DF8D6E}.Debug|Any CPU.ActiveCfg = Debug|Any CPU
		{92540B3E-5A24-4098-B23D-278F93DF8D6E}.Debug|Any CPU.Build.0 = Debug|Any CPU
		{92540B3E-5A24-4098-B23D-278F93DF8D6E}.Release|Any CPU.ActiveCfg = Release|Any CPU
		{92540B3E-5A24-4098-B23D-278F93DF8D6E}.Release|Any CPU.Build.0 = Release|Any CPU
		{448C2227-6ABF-4673-92BB-CADA3360664D}.Debug|Any CPU.ActiveCfg = Debug|Any CPU
		{448C2227-6ABF-4673-92BB-CADA3360664D}.Debug|Any CPU.Build.0 = Debug|Any CPU
		{448C2227-6ABF-4673-92BB-CADA3360664D}.Release|Any CPU.ActiveCfg = Release|Any CPU
		{448C2227-6ABF-4673-92BB-CADA3360664D}.Release|Any CPU.Build.0 = Release|Any CPU
		{919F8CBC-4C2E-4C87-9601-C10E64194EB2}.Debug|Any CPU.ActiveCfg = Debug|Any CPU
		{919F8CBC-4C2E-4C87-9601-C10E64194EB2}.Debug|Any CPU.Build.0 = Debug|Any CPU
		{919F8CBC-4C2E-4C87-9601-C10E64194EB2}.Debug|Any CPU.Deploy.0 = Debug|Any CPU
		{919F8CBC-4C2E-4C87-9601-C10E64194EB2}.Release|Any CPU.ActiveCfg = Release|Any CPU
		{919F8CBC-4C2E-4C87-9601-C10E64194EB2}.Release|Any CPU.Build.0 = Release|Any CPU
		{919F8CBC-4C2E-4C87-9601-C10E64194EB2}.Release|Any CPU.Deploy.0 = Release|Any CPU
		{AB20C58D-A10C-4985-AC82-00E118E5A669}.Debug|Any CPU.ActiveCfg = Debug|Any CPU
		{AB20C58D-A10C-4985-AC82-00E118E5A669}.Debug|Any CPU.Build.0 = Debug|Any CPU
		{AB20C58D-A10C-4985-AC82-00E118E5A669}.Release|Any CPU.ActiveCfg = Release|Any CPU
		{AB20C58D-A10C-4985-AC82-00E118E5A669}.Release|Any CPU.Build.0 = Release|Any CPU
		{0A3CAFCC-9436-4E31-B17C-68151E3DA34B}.Debug|Any CPU.ActiveCfg = Debug|Any CPU
		{0A3CAFCC-9436-4E31-B17C-68151E3DA34B}.Debug|Any CPU.Build.0 = Debug|Any CPU
		{0A3CAFCC-9436-4E31-B17C-68151E3DA34B}.Release|Any CPU.ActiveCfg = Release|Any CPU
		{0A3CAFCC-9436-4E31-B17C-68151E3DA34B}.Release|Any CPU.Build.0 = Release|Any CPU
		{B1680648-0A4F-4183-8794-F04C6B1D715F}.Debug|Any CPU.ActiveCfg = Debug|Any CPU
		{B1680648-0A4F-4183-8794-F04C6B1D715F}.Debug|Any CPU.Build.0 = Debug|Any CPU
		{B1680648-0A4F-4183-8794-F04C6B1D715F}.Release|Any CPU.ActiveCfg = Release|Any CPU
		{B1680648-0A4F-4183-8794-F04C6B1D715F}.Release|Any CPU.Build.0 = Release|Any CPU
		{BDAB19A6-8F68-470F-9C03-C32A08DC5AE8}.Debug|Any CPU.ActiveCfg = Debug|Any CPU
		{BDAB19A6-8F68-470F-9C03-C32A08DC5AE8}.Debug|Any CPU.Build.0 = Debug|Any CPU
		{BDAB19A6-8F68-470F-9C03-C32A08DC5AE8}.Release|Any CPU.ActiveCfg = Release|Any CPU
		{BDAB19A6-8F68-470F-9C03-C32A08DC5AE8}.Release|Any CPU.Build.0 = Release|Any CPU
		{FFE202BE-F436-4649-AF17-81F32E90C5DC}.Debug|Any CPU.ActiveCfg = Debug|Any CPU
		{FFE202BE-F436-4649-AF17-81F32E90C5DC}.Debug|Any CPU.Build.0 = Debug|Any CPU
		{FFE202BE-F436-4649-AF17-81F32E90C5DC}.Release|Any CPU.ActiveCfg = Release|Any CPU
		{FFE202BE-F436-4649-AF17-81F32E90C5DC}.Release|Any CPU.Build.0 = Release|Any CPU
		{F5BFDA26-5303-4343-956D-C1B8AA17F51D}.Debug|Any CPU.ActiveCfg = Debug|Any CPU
		{F5BFDA26-5303-4343-956D-C1B8AA17F51D}.Debug|Any CPU.Build.0 = Debug|Any CPU
		{F5BFDA26-5303-4343-956D-C1B8AA17F51D}.Release|Any CPU.ActiveCfg = Release|Any CPU
		{F5BFDA26-5303-4343-956D-C1B8AA17F51D}.Release|Any CPU.Build.0 = Release|Any CPU
	EndGlobalSection
	GlobalSection(SolutionProperties) = preSolution
		HideSolutionNode = FALSE
	EndGlobalSection
	GlobalSection(ExtensibilityGlobals) = postSolution
		SolutionGuid = {874A9341-6E5B-46AB-ACF5-E83D1C537197}
	EndGlobalSection
EndGlobal
