
Microsoft Visual Studio Solution File, Format Version 12.00
# Visual Studio 15
VisualStudioVersion = 15.0.27703.2047
MinimumVisualStudioVersion = 10.0.40219.1
Project("{00D1A9C2-B5F0-4AF3-8072-F6C62B433612}") = "GOLD.AppRegister.Database", "GOLD.AppRegister.Database\GOLD.AppRegister.Database.sqlproj", "{ABAB2ACE-B773-4E2A-9939-C64C16312678}"
EndProject
Project("{FAE04EC0-301F-11D3-BF4B-00C04F79EFBC}") = "GOLD.AppRegister.WebApi", "GOLD.AppRegister.WebApi\GOLD.AppRegister.WebApi.csproj", "{6E37254A-DAC5-40BF-884B-323AEF7F58FE}"
EndProject
Project("{FAE04EC0-301F-11D3-BF4B-00C04F79EFBC}") = "GOLD.AppRegister.DataAccess", "GOLD.AppRegister.DataAccess\GOLD.AppRegister.DataAccess.csproj", "{DFB213AE-8CE8-4CF6-B1AF-22A3111D7AAA}"
EndProject
Project("{FAE04EC0-301F-11D3-BF4B-00C04F79EFBC}") = "GOLD.AppRegister.ApiModels", "GOLD.AppRegister.ApiModels\GOLD.AppRegister.ApiModels.csproj", "{D2B25E1C-1B1F-4351-9F7B-ECB9F9FCDA02}"
EndProject
Project("{FAE04EC0-301F-11D3-BF4B-00C04F79EFBC}") = "GOLD.AppRegister.MVC", "GOLD.AppRegister.MVC\GOLD.AppRegister.MVC.csproj", "{45E979B3-B8A6-4E6F-9372-CD716552CA17}"
EndProject
Project("{FAE04EC0-301F-11D3-BF4B-00C04F79EFBC}") = "GOLD.Core", "GOLD.Core\GOLD.Core.csproj", "{BF46AAA5-216E-44ED-A81E-21035F31DE5C}"
EndProject
Global
	GlobalSection(SolutionConfigurationPlatforms) = preSolution
		Debug|Any CPU = Debug|Any CPU
		Release|Any CPU = Release|Any CPU
	EndGlobalSection
	GlobalSection(ProjectConfigurationPlatforms) = postSolution
		{ABAB2ACE-B773-4E2A-9939-C64C16312678}.Debug|Any CPU.ActiveCfg = Debug|Any CPU
		{ABAB2ACE-B773-4E2A-9939-C64C16312678}.Debug|Any CPU.Build.0 = Debug|Any CPU
		{ABAB2ACE-B773-4E2A-9939-C64C16312678}.Debug|Any CPU.Deploy.0 = Debug|Any CPU
		{ABAB2ACE-B773-4E2A-9939-C64C16312678}.Release|Any CPU.ActiveCfg = Release|Any CPU
		{ABAB2ACE-B773-4E2A-9939-C64C16312678}.Release|Any CPU.Build.0 = Release|Any CPU
		{ABAB2ACE-B773-4E2A-9939-C64C16312678}.Release|Any CPU.Deploy.0 = Release|Any CPU
		{6E37254A-DAC5-40BF-884B-323AEF7F58FE}.Debug|Any CPU.ActiveCfg = Debug|Any CPU
		{6E37254A-DAC5-40BF-884B-323AEF7F58FE}.Debug|Any CPU.Build.0 = Debug|Any CPU
		{6E37254A-DAC5-40BF-884B-323AEF7F58FE}.Release|Any CPU.ActiveCfg = Release|Any CPU
		{6E37254A-DAC5-40BF-884B-323AEF7F58FE}.Release|Any CPU.Build.0 = Release|Any CPU
		{DFB213AE-8CE8-4CF6-B1AF-22A3111D7AAA}.Debug|Any CPU.ActiveCfg = Debug|Any CPU
		{DFB213AE-8CE8-4CF6-B1AF-22A3111D7AAA}.Debug|Any CPU.Build.0 = Debug|Any CPU
		{DFB213AE-8CE8-4CF6-B1AF-22A3111D7AAA}.Release|Any CPU.ActiveCfg = Release|Any CPU
		{DFB213AE-8CE8-4CF6-B1AF-22A3111D7AAA}.Release|Any CPU.Build.0 = Release|Any CPU
		{D2B25E1C-1B1F-4351-9F7B-ECB9F9FCDA02}.Debug|Any CPU.ActiveCfg = Debug|Any CPU
		{D2B25E1C-1B1F-4351-9F7B-ECB9F9FCDA02}.Debug|Any CPU.Build.0 = Debug|Any CPU
		{D2B25E1C-1B1F-4351-9F7B-ECB9F9FCDA02}.Release|Any CPU.ActiveCfg = Release|Any CPU
		{D2B25E1C-1B1F-4351-9F7B-ECB9F9FCDA02}.Release|Any CPU.Build.0 = Release|Any CPU
		{45E979B3-B8A6-4E6F-9372-CD716552CA17}.Debug|Any CPU.ActiveCfg = Debug|Any CPU
		{45E979B3-B8A6-4E6F-9372-CD716552CA17}.Debug|Any CPU.Build.0 = Debug|Any CPU
		{45E979B3-B8A6-4E6F-9372-CD716552CA17}.Release|Any CPU.ActiveCfg = Release|Any CPU
		{45E979B3-B8A6-4E6F-9372-CD716552CA17}.Release|Any CPU.Build.0 = Release|Any CPU
		{BF46AAA5-216E-44ED-A81E-21035F31DE5C}.Debug|Any CPU.ActiveCfg = Debug|Any CPU
		{BF46AAA5-216E-44ED-A81E-21035F31DE5C}.Debug|Any CPU.Build.0 = Debug|Any CPU
		{BF46AAA5-216E-44ED-A81E-21035F31DE5C}.Release|Any CPU.ActiveCfg = Release|Any CPU
		{BF46AAA5-216E-44ED-A81E-21035F31DE5C}.Release|Any CPU.Build.0 = Release|Any CPU
	EndGlobalSection
	GlobalSection(SolutionProperties) = preSolution
		HideSolutionNode = FALSE
	EndGlobalSection
	GlobalSection(ExtensibilityGlobals) = postSolution
		SolutionGuid = {874A9341-6E5B-46AB-ACF5-E83D1C537197}
	EndGlobalSection
EndGlobal
